github.com/caseymrm/askm v0.0.0-20180731222743-ac4324c25a4d h1:mt5eQho3aNs5XUL1bs66BaB/Bj1Ow9NBVsacQybrAPk=
github.com/caseymrm/askm v0.0.0-20180731222743-ac4324c25a4d/go.mod h1:raj+vtH8SsGkuSg1/970qaONNyNlIb7zFv2LDVk6j+U=
github.com/caseymrm/menuet v0.0.0-20190531183154-4edda5beb73d h1:pJuioI1J8CE6l6/Uf24/WG62BqGvSaYqUOs9JFlwsBM=
github.com/caseymrm/menuet v0.0.0-20190531183154-4edda5beb73d/go.mod h1:Js6Ar/bOjjH+GVb4FFqOFkvKXi8VhIUKj8EY41lkCiE=
github.com/ddo/go-fast v0.0.0-20190807090025-2ab4a3dd618c h1:50QtmhuC3ynQjxdPZjyeoF+t66gP4zHraU9Ygad1KP0=
github.com/ddo/go-fast v0.0.0-20190807090025-2ab4a3dd618c/go.mod h1:FSWBFAxOhcfYWUc6RaycgBezryVDAD0ECXTc9zxp/Xg=
github.com/ddo/pick-json v0.0.0-20170207095303-c8760e09e0fe h1:/8DxbVJzB+Rx2wgJ1VGb3ziwGlI2VB3bWqtoldtalUU=
github.com/ddo/pick-json v0.0.0-20170207095303-c8760e09e0fe/go.mod h1:vhvQl0uhd1j+zZPJhH0mZ1Moz14khMTXkCkNDXavk1Q=
github.com/ddo/rq v0.0.0-20190828174524-b3daa55fcaba h1:EMLQSxP68m4ddJpmMT+LizYO0AjrROprPXjll2CARj0=
github.com/ddo/rq v0.0.0-20190828174524-b3daa55fcaba/go.mod h1:XIayI7kdKklkc7yyWDBYMJLbK/AO4AchQUxdoSFcn+k=
golang.org/x/crypto v0.0.0-20190308221718-c2843e01d9a2/go.mod h1:djNgcEr1/C05ACkg1iLfiJU5Ep61QUkGW8qpdssI0+w=
golang.org/x/net v0.0.0-20190926025831-c00fd9afed17 h1:qPnAdmjNA41t3QBTx2mFGf/SD1IoslhYu7AmdsVzCcs=
golang.org/x/net v0.0.0-20190926025831-c00fd9afed17/go.mod h1:z5CRVTTTmAJ677TzLLGU+0bjPO0LkuOLi4/5GtJWs/s=
golang.org/x/sys v0.0.0-20190215142949-d0b11bdaac8a/go.mod h1:STP8DvDyc/dI5b8T5hshtkjS+E42TnysNCUPdjciGhY=
golang.org/x/text v0.3.0/go.mod h1:NqM8EUOU14njkJ3fqMW+pc6Ldnwhi/IjpwHt7yyuwOQ=
gopkg.in/ddo/go-dlog.v2 v2.1.0 h1:SrIltB+SYmJLJZp/5vGKGLUpk2VCfLUM1V3jGs7RSh4=
gopkg.in/ddo/go-dlog.v2 v2.1.0/go.mod h1:CENm6saSBTtC4/HLiyEnKte/MHgJ/LECoptlS6oHBVI=
gopkg.in/ddo/pick.v1 v1.2.2 h1:5Ue60YhDOzjwaQp3vwHwyuJ4ufj4DyKIxn95W4G7iZI=
gopkg.in/ddo/pick.v1 v1.2.2/go.mod h1:AgGJKIMzwG3nzr1OX4nqa2+J27vPZXFgFnEWI3zh8Ow=
